
Microsoft Visual Studio Solution File, Format Version 12.00
# Visual Studio Version 17
VisualStudioVersion = 17.10.34916.146
MinimumVisualStudioVersion = 10.0.40219.1
Project("{9A19103F-16F7-4668-BE54-9A1E7A4F7556}") = "ProjectN", "ProjectN\ProjectN.csproj", "{0AE5D591-1CC7-45D7-8457-A4E97276DA48}"
EndProject
Project("{9A19103F-16F7-4668-BE54-9A1E7A4F7556}") = "ThreeLayerArchitecture", "ThreeLayerArchitecture\ThreeLayerArchitecture.csproj", "{444B48F9-6E5D-4511-A485-52CE4F2A1336}"
EndProject
Project("{9A19103F-16F7-4668-BE54-9A1E7A4F7556}") = "ProjectN.Service", "ProjectNService\ProjectN.Service.csproj", "{86D4806B-F6BB-4D9E-9EB2-5C27002C6A6E}"
EndProject
Project("{9A19103F-16F7-4668-BE54-9A1E7A4F7556}") = "ProjectN.Repository", "Repository\ProjectN.Repository.csproj", "{674DB894-5F05-4234-849A-F96C69A8E196}"
EndProject
Project("{9A19103F-16F7-4668-BE54-9A1E7A4F7556}") = "ProjectN.Common", "Common\ProjectN.Common.csproj", "{7837E3F3-75BD-4FB7-A6FD-0A989265617B}"
EndProject
Project("{2150E333-8FDC-42A3-9474-1A3956D46DE8}") = "DapperAndSwagger", "DapperAndSwagger", "{5D23578A-6958-42FC-9CBE-6B41BE88BCEC}"
EndProject
Project("{2150E333-8FDC-42A3-9474-1A3956D46DE8}") = "ThreeLayer", "ThreeLayer", "{8232F7F5-CDFB-4DE2-959B-219B687B8442}"
EndProject
Global
	GlobalSection(SolutionConfigurationPlatforms) = preSolution
		Debug|Any CPU = Debug|Any CPU
		Release|Any CPU = Release|Any CPU
	EndGlobalSection
	GlobalSection(ProjectConfigurationPlatforms) = postSolution
		{0AE5D591-1CC7-45D7-8457-A4E97276DA48}.Debug|Any CPU.ActiveCfg = Debug|Any CPU
		{0AE5D591-1CC7-45D7-8457-A4E97276DA48}.Debug|Any CPU.Build.0 = Debug|Any CPU
		{0AE5D591-1CC7-45D7-8457-A4E97276DA48}.Release|Any CPU.ActiveCfg = Release|Any CPU
		{0AE5D591-1CC7-45D7-8457-A4E97276DA48}.Release|Any CPU.Build.0 = Release|Any CPU
		{444B48F9-6E5D-4511-A485-52CE4F2A1336}.Debug|Any CPU.ActiveCfg = Debug|Any CPU
		{444B48F9-6E5D-4511-A485-52CE4F2A1336}.Debug|Any CPU.Build.0 = Debug|Any CPU
		{444B48F9-6E5D-4511-A485-52CE4F2A1336}.Release|Any CPU.ActiveCfg = Release|Any CPU
		{444B48F9-6E5D-4511-A485-52CE4F2A1336}.Release|Any CPU.Build.0 = Release|Any CPU
		{86D4806B-F6BB-4D9E-9EB2-5C27002C6A6E}.Debug|Any CPU.ActiveCfg = Debug|Any CPU
		{86D4806B-F6BB-4D9E-9EB2-5C27002C6A6E}.Debug|Any CPU.Build.0 = Debug|Any CPU
		{86D4806B-F6BB-4D9E-9EB2-5C27002C6A6E}.Release|Any CPU.ActiveCfg = Release|Any CPU
		{86D4806B-F6BB-4D9E-9EB2-5C27002C6A6E}.Release|Any CPU.Build.0 = Release|Any CPU
		{674DB894-5F05-4234-849A-F96C69A8E196}.Debug|Any CPU.ActiveCfg = Debug|Any CPU
		{674DB894-5F05-4234-849A-F96C69A8E196}.Debug|Any CPU.Build.0 = Debug|Any CPU
		{674DB894-5F05-4234-849A-F96C69A8E196}.Release|Any CPU.ActiveCfg = Release|Any CPU
		{674DB894-5F05-4234-849A-F96C69A8E196}.Release|Any CPU.Build.0 = Release|Any CPU
		{7837E3F3-75BD-4FB7-A6FD-0A989265617B}.Debug|Any CPU.ActiveCfg = Debug|Any CPU
		{7837E3F3-75BD-4FB7-A6FD-0A989265617B}.Debug|Any CPU.Build.0 = Debug|Any CPU
		{7837E3F3-75BD-4FB7-A6FD-0A989265617B}.Release|Any CPU.ActiveCfg = Release|Any CPU
		{7837E3F3-75BD-4FB7-A6FD-0A989265617B}.Release|Any CPU.Build.0 = Release|Any CPU
	EndGlobalSection
	GlobalSection(SolutionProperties) = preSolution
		HideSolutionNode = FALSE
	EndGlobalSection
	GlobalSection(NestedProjects) = preSolution
		{0AE5D591-1CC7-45D7-8457-A4E97276DA48} = {5D23578A-6958-42FC-9CBE-6B41BE88BCEC}
		{444B48F9-6E5D-4511-A485-52CE4F2A1336} = {8232F7F5-CDFB-4DE2-959B-219B687B8442}
		{86D4806B-F6BB-4D9E-9EB2-5C27002C6A6E} = {8232F7F5-CDFB-4DE2-959B-219B687B8442}
		{674DB894-5F05-4234-849A-F96C69A8E196} = {8232F7F5-CDFB-4DE2-959B-219B687B8442}
		{7837E3F3-75BD-4FB7-A6FD-0A989265617B} = {8232F7F5-CDFB-4DE2-959B-219B687B8442}
	EndGlobalSection
	GlobalSection(ExtensibilityGlobals) = postSolution
		SolutionGuid = {7475B3C7-8F54-446C-BED8-CE35256B23BF}
	EndGlobalSection
EndGlobal
